
Microsoft Visual Studio Solution File, Format Version 12.00
# Visual Studio Version 16
VisualStudioVersion = 16.0.29326.143
MinimumVisualStudioVersion = 10.0.40219.1
Project("{FAE04EC0-301F-11D3-BF4B-00C04F79EFBC}") = "Prob3", "Prob3\Prob3.csproj", "{C211740E-DF80-414B-B3FC-5051C07C8E05}"
EndProject
Project("{FAE04EC0-301F-11D3-BF4B-00C04F79EFBC}") = "Methods", "Methods\Methods.csproj", "{5B49B75E-E884-418D-9E18-EBB9DF4F1949}"
EndProject
Project("{FAE04EC0-301F-11D3-BF4B-00C04F79EFBC}") = "Intro Classes", "Intro Classes\Intro Classes.csproj", "{95E01E1C-7C61-43BF-90E4-A09FE0591881}"
EndProject
Project("{FAE04EC0-301F-11D3-BF4B-00C04F79EFBC}") = "Fields", "Fields\Fields.csproj", "{6E254430-DF7F-40C8-B977-7BD2815354A4}"
EndProject
Project("{FAE04EC0-301F-11D3-BF4B-00C04F79EFBC}") = "Properties", "Properties\Properties.csproj", "{1E8D81E6-BC02-43DC-8AAA-8E7F7BBFD122}"
EndProject
Project("{FAE04EC0-301F-11D3-BF4B-00C04F79EFBC}") = "Constructors", "Constructors\Constructors.csproj", "{C40AD4BF-DFC7-40FC-B92E-B7EB9289FA7E}"
EndProject
Global
	GlobalSection(SolutionConfigurationPlatforms) = preSolution
		Debug|Any CPU = Debug|Any CPU
		Release|Any CPU = Release|Any CPU
	EndGlobalSection
	GlobalSection(ProjectConfigurationPlatforms) = postSolution
		{C211740E-DF80-414B-B3FC-5051C07C8E05}.Debug|Any CPU.ActiveCfg = Debug|Any CPU
		{C211740E-DF80-414B-B3FC-5051C07C8E05}.Debug|Any CPU.Build.0 = Debug|Any CPU
		{C211740E-DF80-414B-B3FC-5051C07C8E05}.Release|Any CPU.ActiveCfg = Release|Any CPU
		{C211740E-DF80-414B-B3FC-5051C07C8E05}.Release|Any CPU.Build.0 = Release|Any CPU
		{5B49B75E-E884-418D-9E18-EBB9DF4F1949}.Debug|Any CPU.ActiveCfg = Debug|Any CPU
		{5B49B75E-E884-418D-9E18-EBB9DF4F1949}.Debug|Any CPU.Build.0 = Debug|Any CPU
		{5B49B75E-E884-418D-9E18-EBB9DF4F1949}.Release|Any CPU.ActiveCfg = Release|Any CPU
		{5B49B75E-E884-418D-9E18-EBB9DF4F1949}.Release|Any CPU.Build.0 = Release|Any CPU
		{95E01E1C-7C61-43BF-90E4-A09FE0591881}.Debug|Any CPU.ActiveCfg = Debug|Any CPU
		{95E01E1C-7C61-43BF-90E4-A09FE0591881}.Debug|Any CPU.Build.0 = Debug|Any CPU
		{95E01E1C-7C61-43BF-90E4-A09FE0591881}.Release|Any CPU.ActiveCfg = Release|Any CPU
		{95E01E1C-7C61-43BF-90E4-A09FE0591881}.Release|Any CPU.Build.0 = Release|Any CPU
		{6E254430-DF7F-40C8-B977-7BD2815354A4}.Debug|Any CPU.ActiveCfg = Debug|Any CPU
		{6E254430-DF7F-40C8-B977-7BD2815354A4}.Debug|Any CPU.Build.0 = Debug|Any CPU
		{6E254430-DF7F-40C8-B977-7BD2815354A4}.Release|Any CPU.ActiveCfg = Release|Any CPU
		{6E254430-DF7F-40C8-B977-7BD2815354A4}.Release|Any CPU.Build.0 = Release|Any CPU
		{1E8D81E6-BC02-43DC-8AAA-8E7F7BBFD122}.Debug|Any CPU.ActiveCfg = Debug|Any CPU
		{1E8D81E6-BC02-43DC-8AAA-8E7F7BBFD122}.Debug|Any CPU.Build.0 = Debug|Any CPU
		{1E8D81E6-BC02-43DC-8AAA-8E7F7BBFD122}.Release|Any CPU.ActiveCfg = Release|Any CPU
		{1E8D81E6-BC02-43DC-8AAA-8E7F7BBFD122}.Release|Any CPU.Build.0 = Release|Any CPU
		{C40AD4BF-DFC7-40FC-B92E-B7EB9289FA7E}.Debug|Any CPU.ActiveCfg = Debug|Any CPU
		{C40AD4BF-DFC7-40FC-B92E-B7EB9289FA7E}.Debug|Any CPU.Build.0 = Debug|Any CPU
		{C40AD4BF-DFC7-40FC-B92E-B7EB9289FA7E}.Release|Any CPU.ActiveCfg = Release|Any CPU
		{C40AD4BF-DFC7-40FC-B92E-B7EB9289FA7E}.Release|Any CPU.Build.0 = Release|Any CPU
	EndGlobalSection
	GlobalSection(SolutionProperties) = preSolution
		HideSolutionNode = FALSE
	EndGlobalSection
	GlobalSection(ExtensibilityGlobals) = postSolution
		SolutionGuid = {5317F369-FAA8-4C2B-9CD5-4D84848EB502}
	EndGlobalSection
EndGlobal
